# THIS IS AN AUTOGENERATED FILE. DO NOT EDIT THIS FILE DIRECTLY.
# yarn lockfile v1


"@slack/types@^1.2.1":
  version "1.10.0"
  resolved "https://registry.yarnpkg.com/@slack/types/-/types-1.10.0.tgz#cbf7d83e1027f4cbfd13d6b429f120c7fb09127a"
  integrity sha512-tA7GG7Tj479vojfV3AoxbckalA48aK6giGjNtgH6ihpLwTyHE3fIgRrvt8TWfLwW8X8dyu7vgmAsGLRG7hWWOg==

"@slack/webhook@^6.0.0":
  version "6.0.0"
  resolved "https://registry.yarnpkg.com/@slack/webhook/-/webhook-6.0.0.tgz#844593c1e864a966e549f60bb640586628f3c1c4"
  integrity sha512-2fohfhLI9lkAmOSWt1R457JBsB3iFNqahu4GqdFZRtcp/bT+xeG/kPn/hQa78JS74poRjWTt5G/qJjNaWMGOEQ==
  dependencies:
    "@slack/types" "^1.2.1"
    "@types/node" ">=12.0.0"
    axios "^0.21.1"

"@types/node@>=12.0.0":
  version "16.0.0"
  resolved "https://registry.yarnpkg.com/@types/node/-/node-16.0.0.tgz#067a6c49dc7a5c2412a505628e26902ae967bf6f"
  integrity sha512-TmCW5HoZ2o2/z2EYi109jLqIaPIi9y/lc2LmDCWzuCi35bcaQ+OtUh6nwBiFK7SOu25FAU5+YKdqFZUwtqGSdg==

axios@^0.21.1:
  version "0.21.1"
  resolved "https://registry.yarnpkg.com/axios/-/axios-0.21.1.tgz#22563481962f4d6bde9a76d516ef0e5d3c09b2b8"
  integrity sha512-dKQiRHxGD9PPRIUNIWvZhPTPpl1rf/OxTYKsqKUDjBwYylTvV7SjSHJb9ratfyzM6wCdLCOYLzs73qpg5c4iGA==
  dependencies:
    follow-redirects "^1.10.0"

follow-redirects@^1.10.0:
  version "1.14.1"
  resolved "https://registry.yarnpkg.com/follow-redirects/-/follow-redirects-1.14.1.tgz#d9114ded0a1cfdd334e164e6662ad02bfd91ff43"
  integrity sha512-HWqDgT7ZEkqRzBvc2s64vSZ/hfOceEol3ac/7tKwzuvEyWx3/4UegXh5oBOIotkGsObyk3xznnSRVADBgWSQVg==
